# This file was autogenerated by Stack.
# You should not edit this file by hand.
# For more information, please see the documentation at:
#   https://docs.haskellstack.org/en/stable/lock_files

packages:
- completed:
    hackage: monad-gen-0.3.0.1@sha256:a2569465cfbd468d3350ef25de56b3362580e77537224313aab1210f40804a3b,821
    pantry-tree:
      size: 288
      sha256: a825dc8dcc3ee27dbbc1b71f6853703790ed320249b8f8510bb36d726664e795
  original:
    hackage: monad-gen-0.3.0.1
- completed:
    hackage: functor-infix-0.0.5@sha256:cea21a321031f556d7a21b51e049493e7cb78baf64dd63f0d1a36de01c4c735b,661
    pantry-tree:
      size: 367
      sha256: 04de43014229a582ba4aeff75a3e065cdba4d550a05af36a459fa38b685640b7
  original:
    hackage: functor-infix-0.0.5
- completed:
    hackage: set-extra-1.4.1@sha256:c58aa620704f609f289953e7c1f9c1653fd1498f0984b0f03a3f8f38f7ed5a84,533
    pantry-tree:
      size: 268
      sha256: 3b6f94160b9d868f341d841de0e3e9f354ae90b5817b171e2bb68fd67cf2790c
  original:
    hackage: set-extra-1.4.1
- completed:
    hackage: llvm-hs-pretty-0.6.1.0@sha256:54785b205bc9a267513b539eb8073f9f576e01da196720871bc894520e712e16,1670
    pantry-tree:
      size: 4741
      sha256: 09128cc6ff572c3c544de01ee2b683cdc356d606a5829f1c60966593ff2f59db
  original:
    hackage: llvm-hs-pretty-0.6.1.0
- completed:
    size: 11860211
    subdir: grin
    url: https://github.com/grin-compiler/grin/archive/38aa2cd04770e43dae7ad5e82b736848ff7a81b4.tar.gz
    name: grin
    version: 0.1.0.0
    sha256: 632325424f3860430233ab04af7fc208b36987e54e53550e123c8259c6176192
    pantry-tree:
      size: 31684
      sha256: 824d1d0b87745bbccb465666dae80468aa794f70b28000960c3702eea555de75
  original:
    subdir: grin
    url: https://github.com/grin-compiler/grin/archive/38aa2cd04770e43dae7ad5e82b736848ff7a81b4.tar.gz
- completed:
    size: 9873278
    subdir: llvm-hs
    url: https://github.com/csabahruska/llvm-hs/archive/868e23a13942703255979369defdb49ac57b6866.tar.gz
    name: llvm-hs
    version: 7.1.1
    sha256: 172a5b0476c5cc3374a1da1a53b2ac24d3268bf38a80783f9e030f4c6665c470
    pantry-tree:
      size: 13720
      sha256: 42b82ae62cfc58c1cc0d237807f1d5ba7dd763dcd677a3b8db99a8fe32e3380a
  original:
    subdir: llvm-hs
    url: https://github.com/csabahruska/llvm-hs/archive/868e23a13942703255979369defdb49ac57b6866.tar.gz
- completed:
    size: 9873278
    subdir: llvm-hs-pure
    url: https://github.com/csabahruska/llvm-hs/archive/868e23a13942703255979369defdb49ac57b6866.tar.gz
    name: llvm-hs-pure
    version: 7.0.0
    sha256: 172a5b0476c5cc3374a1da1a53b2ac24d3268bf38a80783f9e030f4c6665c470
    pantry-tree:
      size: 2652
      sha256: 79c70971c04c9cdf6fb215aa30ace60e00b54d57017ed5f72b72d10e7e22fec0
  original:
    subdir: llvm-hs-pure
    url: https://github.com/csabahruska/llvm-hs/archive/868e23a13942703255979369defdb49ac57b6866.tar.gz
snapshots:
- completed:
    size: 524804
    url: https://raw.githubusercontent.com/commercialhaskell/stackage-snapshots/master/lts/14/16.yaml
    sha256: 4d1519a4372d051d47a5eae2241cf3fb54e113d7475f89707ddb6ec06add2888
  original: lts-14.16
