# This file was autogenerated by Stack.
# You should not edit this file by hand.
# For more information, please see the documentation at:
#   https://docs.haskellstack.org/en/stable/lock_files

packages:
- completed:
    hackage: monad-gen-0.3.0.1@sha256:a2569465cfbd468d3350ef25de56b3362580e77537224313aab1210f40804a3b,821
    pantry-tree:
      size: 288
      sha256: a825dc8dcc3ee27dbbc1b71f6853703790ed320249b8f8510bb36d726664e795
  original:
    hackage: monad-gen-0.3.0.1
- completed:
    hackage: functor-infix-0.0.5@sha256:cea21a321031f556d7a21b51e049493e7cb78baf64dd63f0d1a36de01c4c735b,661
    pantry-tree:
      size: 367
      sha256: 04de43014229a582ba4aeff75a3e065cdba4d550a05af36a459fa38b685640b7
  original:
    hackage: functor-infix-0.0.5
- completed:
    hackage: QuickCheck-GenT-0.2.0@sha256:d11b7b4a3f7648895eff66376a00f763821ee955ce42a37fb918213a8eae88d6,1458
    pantry-tree:
      size: 293
      sha256: a3e3065581974edfdc6951d894d93ed134e6136caa6f5e8593a58c2e039e076b
  original:
    hackage: QuickCheck-GenT-0.2.0
- completed:
    hackage: set-extra-1.4.1@sha256:c58aa620704f609f289953e7c1f9c1653fd1498f0984b0f03a3f8f38f7ed5a84,533
    pantry-tree:
      size: 268
      sha256: 3b6f94160b9d868f341d841de0e3e9f354ae90b5817b171e2bb68fd67cf2790c
  original:
    hackage: set-extra-1.4.1
- completed:
    hackage: llvm-hs-pretty-0.6.1.0@sha256:54785b205bc9a267513b539eb8073f9f576e01da196720871bc894520e712e16,1670
    pantry-tree:
      size: 4741
      sha256: 09128cc6ff572c3c544de01ee2b683cdc356d606a5829f1c60966593ff2f59db
  original:
    hackage: llvm-hs-pretty-0.6.1.0
- completed:
    hackage: system-posix-redirect-1.1.0.1@sha256:df83896f3567bc0e1d24f3f76f97d1d43857679b1c4f67eb303bb93b9eacd621,1354
    pantry-tree:
      size: 347
      sha256: 2f6c9b912c90ee2efd32715e18827959159b484000f2f6a167df43155097aacd
  original:
    hackage: system-posix-redirect-1.1.0.1
- completed:
    hackage: llvm-hs-pure-7.0.0@sha256:054c145a345bccdad6205420832eae36e3ed4730fad9767fb153d4487d240727,2931
    pantry-tree:
      size: 2600
      sha256: 11e9eb61035f203f0d037358bef49fc885d8a25045dc1080f7b6b1695c92325b
  original:
    hackage: llvm-hs-pure-7.0.0
- completed:
    hackage: llvm-hs-7.0.0@sha256:51006d5e8b7926d55a157db0f1892a5463c14781f9cf57e3b11fe17d07f457d3,8588
    pantry-tree:
      size: 13394
      sha256: e7eedda9e076acf222097a449ffd08703b3298fd091065c7d5360017684d8f65
  original:
    hackage: llvm-hs-7.0.0
- completed:
    size: 11857488
    subdir: grin
    url: https://github.com/grin-compiler/grin/archive/4de5a7a411a5a8d35f6159f9e0027f1583aaaa90.tar.gz
    name: grin
    version: 0.1.0.0
    sha256: 79ff1ce025c5332b555fde8fbac859af8e59d0a4e5f64c3b4e6459afd28e28fa
    pantry-tree:
      size: 31684
      sha256: 824d1d0b87745bbccb465666dae80468aa794f70b28000960c3702eea555de75
  original:
    subdir: grin
    url: https://github.com/grin-compiler/grin/archive/4de5a7a411a5a8d35f6159f9e0027f1583aaaa90.tar.gz
snapshots:
- completed:
    size: 567241
    url: https://raw.githubusercontent.com/commercialhaskell/stackage-snapshots/master/lts/17/10.yaml
    sha256: 321b3b9f0c7f76994b39e0dabafdc76478274b4ff74cc5e43d410897a335ad3b
  original:
    url: https://raw.githubusercontent.com/commercialhaskell/stackage-snapshots/master/lts/17/10.yaml
